
Microsoft Visual Studio Solution File, Format Version 12.00
# Visual Studio 14
VisualStudioVersion = 14.0.25420.1
MinimumVisualStudioVersion = 10.0.40219.1
Project("{FAE04EC0-301F-11D3-BF4B-00C04F79EFBC}") = "SEclinicSystem", "SEclinicSystem\SEclinicSystem.csproj", "{D79A8CE4-5624-4644-8580-43F2B2800019}"
EndProject
Project("{FAE04EC0-301F-11D3-BF4B-00C04F79EFBC}") = "SEclinicSystemUnitTest", "UnitTestProject1\SEclinicSystemUnitTest.csproj", "{7AF441F3-E790-4832-B9E8-4A7B60BBE79D}"
EndProject
Global
	GlobalSection(SolutionConfigurationPlatforms) = preSolution
		Debug|Any CPU = Debug|Any CPU
		Release|Any CPU = Release|Any CPU
	EndGlobalSection
	GlobalSection(ProjectConfigurationPlatforms) = postSolution
		{D79A8CE4-5624-4644-8580-43F2B2800019}.Debug|Any CPU.ActiveCfg = Debug|Any CPU
		{D79A8CE4-5624-4644-8580-43F2B2800019}.Debug|Any CPU.Build.0 = Debug|Any CPU
		{D79A8CE4-5624-4644-8580-43F2B2800019}.Release|Any CPU.ActiveCfg = Release|Any CPU
		{D79A8CE4-5624-4644-8580-43F2B2800019}.Release|Any CPU.Build.0 = Release|Any CPU
		{7AF441F3-E790-4832-B9E8-4A7B60BBE79D}.Debug|Any CPU.ActiveCfg = Debug|Any CPU
		{7AF441F3-E790-4832-B9E8-4A7B60BBE79D}.Debug|Any CPU.Build.0 = Debug|Any CPU
		{7AF441F3-E790-4832-B9E8-4A7B60BBE79D}.Release|Any CPU.ActiveCfg = Release|Any CPU
		{7AF441F3-E790-4832-B9E8-4A7B60BBE79D}.Release|Any CPU.Build.0 = Release|Any CPU
	EndGlobalSection
	GlobalSection(SolutionProperties) = preSolution
		HideSolutionNode = FALSE
	EndGlobalSection
EndGlobal
